
Microsoft Visual Studio Solution File, Format Version 12.00
# Visual Studio Version 16
VisualStudioVersion = 16.0.29503.13
MinimumVisualStudioVersion = 10.0.40219.1
Project("{FAE04EC0-301F-11D3-BF4B-00C04F79EFBC}") = "InterviewTest", "InterviewTest\InterviewTest.csproj", "{782DA489-ED3A-4628-9E70-F0D0C06ABF22}"
EndProject
Global
	GlobalSection(SolutionConfigurationPlatforms) = preSolution
		Debug|Any CPU = Debug|Any CPU
		Release|Any CPU = Release|Any CPU
	EndGlobalSection
	GlobalSection(ProjectConfigurationPlatforms) = postSolution
		{782DA489-ED3A-4628-9E70-F0D0C06ABF22}.Debug|Any CPU.ActiveCfg = Debug|Any CPU
		{782DA489-ED3A-4628-9E70-F0D0C06ABF22}.Debug|Any CPU.Build.0 = Debug|Any CPU
		{782DA489-ED3A-4628-9E70-F0D0C06ABF22}.Release|Any CPU.ActiveCfg = Release|Any CPU
		{782DA489-ED3A-4628-9E70-F0D0C06ABF22}.Release|Any CPU.Build.0 = Release|Any CPU
	EndGlobalSection
	GlobalSection(SolutionProperties) = preSolution
		HideSolutionNode = FALSE
	EndGlobalSection
	GlobalSection(ExtensibilityGlobals) = postSolution
		SolutionGuid = {0BAEB7A5-4B84-4D03-BEF5-AD14586F6C67}
	EndGlobalSection
EndGlobal
